{
  "requires": true,
  "lockfileVersion": 1,
  "dependencies": {
    "string-similarity": {
      "version": "2.0.0",
      "resolved": "https://registry.npmjs.org/string-similarity/-/string-similarity-2.0.0.tgz",
      "integrity": "sha512-62FBZrVXV5cI23bQ9L49Y4d9u9yaH61JhAwLyUFUzQbHDjdihxdfCwIherg+vylR/s4ucCddK8iKSEO7kinffQ=="
    },
    "types-for-adobe": {
      "version": "github:pravdomil/types-for-adobe#75cbfa5d09679a36c2271a114433f046decb31e4",
      "from": "github:pravdomil/types-for-adobe"
    }
  }
}
